
Microsoft Visual Studio Solution File, Format Version 12.00
# Visual Studio Version 17
VisualStudioVersion = 17.9.34728.123
MinimumVisualStudioVersion = 10.0.40219.1
Project("{FAE04EC0-301F-11D3-BF4B-00C04F79EFBC}") = "AppWebConcesionario", "AppWebConcesionario.csproj", "{0F70B7DA-C0D2-4F02-ADC7-5A27C2AB8931}"
EndProject
Global
	GlobalSection(SolutionConfigurationPlatforms) = preSolution
		Debug|Any CPU = Debug|Any CPU
		Release|Any CPU = Release|Any CPU
	EndGlobalSection
	GlobalSection(ProjectConfigurationPlatforms) = postSolution
		{0F70B7DA-C0D2-4F02-ADC7-5A27C2AB8931}.Debug|Any CPU.ActiveCfg = Debug|Any CPU
		{0F70B7DA-C0D2-4F02-ADC7-5A27C2AB8931}.Debug|Any CPU.Build.0 = Debug|Any CPU
		{0F70B7DA-C0D2-4F02-ADC7-5A27C2AB8931}.Release|Any CPU.ActiveCfg = Release|Any CPU
		{0F70B7DA-C0D2-4F02-ADC7-5A27C2AB8931}.Release|Any CPU.Build.0 = Release|Any CPU
	EndGlobalSection
	GlobalSection(SolutionProperties) = preSolution
		HideSolutionNode = FALSE
	EndGlobalSection
	GlobalSection(ExtensibilityGlobals) = postSolution
		SolutionGuid = {C32E6817-172B-4F45-9890-2BEFEC26309F}
	EndGlobalSection
EndGlobal
